{
  "name": "@freedomsex/account-component",
  "version": "1.1.6",
  "lockfileVersion": 2,
  "requires": true,
  "packages": {
    "": {
      "name": "@freedomsex/account-component",
      "version": "1.1.4",
      "license": "ISC",
      "dependencies": {
        "@freedomsex/service-worker": "*",
        "@freedomsex/styles": "0.1.2",
        "moment": "^2.0",
        "underscore": "^1.0"
      }
    },
    "node_modules/@freedomsex/service-worker": {
      "version": "0.1.7",
      "resolved": "https://registry.npmjs.org/@freedomsex/service-worker/-/service-worker-0.1.7.tgz",
      "integrity": "sha512-3k34KU4GXlroP7oVREqUMhXj1ao94VhlIXSovdVC+l4j5j4f1iliYnVcj4oZAPQcf5RujGtRH2uA0zJQYfxXIg==",
      "dependencies": {
        "import-modules": "^2.0.0",
        "underscore": "^1.11.0"
      }
    },
    "node_modules/@freedomsex/styles": {
      "version": "0.1.2",
      "resolved": "https://registry.npmjs.org/@freedomsex/styles/-/styles-0.1.2.tgz",
      "integrity": "sha512-sxhiprdbYkb24MziH2eAhoOqFkkrnsA8Wg0P452dZUe61dFptm1lKbo7bqgGLJwiAPqxHU1N6Ztrm98p6EhhuA=="
    },
    "node_modules/import-modules": {
      "version": "2.1.0",
      "resolved": "https://registry.npmjs.org/import-modules/-/import-modules-2.1.0.tgz",
      "integrity": "sha512-8HEWcnkbGpovH9yInoisxaSoIg9Brbul+Ju3Kqe2UsYDUBJD/iQjSgEj0zPcTDPKfPp2fs5xlv1i+JSye/m1/A==",
      "engines": {
        "node": ">=8"
      },
      "funding": {
        "url": "https://github.com/sponsors/sindresorhus"
      }
    },
    "node_modules/moment": {
      "version": "2.29.1",
      "resolved": "https://registry.npmjs.org/moment/-/moment-2.29.1.tgz",
      "integrity": "sha512-kHmoybcPV8Sqy59DwNDY3Jefr64lK/by/da0ViFcuA4DH0vQg5Q6Ze5VimxkfQNSC+Mls/Kx53s7TjP1RhFEDQ==",
      "engines": {
        "node": "*"
      }
    },
    "node_modules/underscore": {
      "version": "1.13.2",
      "resolved": "https://registry.npmjs.org/underscore/-/underscore-1.13.2.tgz",
      "integrity": "sha512-ekY1NhRzq0B08g4bGuX4wd2jZx5GnKz6mKSqFL4nqBlfyMGiG10gDFhDTMEfYmDL6Jy0FUIZp7wiRB+0BP7J2g=="
    }
  },
  "dependencies": {
    "@freedomsex/service-worker": {
      "version": "0.1.7",
      "resolved": "https://registry.npmjs.org/@freedomsex/service-worker/-/service-worker-0.1.7.tgz",
      "integrity": "sha512-3k34KU4GXlroP7oVREqUMhXj1ao94VhlIXSovdVC+l4j5j4f1iliYnVcj4oZAPQcf5RujGtRH2uA0zJQYfxXIg==",
      "requires": {
        "import-modules": "^2.0.0",
        "underscore": "^1.11.0"
      }
    },
    "@freedomsex/styles": {
      "version": "0.1.2",
      "resolved": "https://registry.npmjs.org/@freedomsex/styles/-/styles-0.1.2.tgz",
      "integrity": "sha512-sxhiprdbYkb24MziH2eAhoOqFkkrnsA8Wg0P452dZUe61dFptm1lKbo7bqgGLJwiAPqxHU1N6Ztrm98p6EhhuA=="
    },
    "import-modules": {
      "version": "2.1.0",
      "resolved": "https://registry.npmjs.org/import-modules/-/import-modules-2.1.0.tgz",
      "integrity": "sha512-8HEWcnkbGpovH9yInoisxaSoIg9Brbul+Ju3Kqe2UsYDUBJD/iQjSgEj0zPcTDPKfPp2fs5xlv1i+JSye/m1/A=="
    },
    "moment": {
      "version": "2.29.1",
      "resolved": "https://registry.npmjs.org/moment/-/moment-2.29.1.tgz",
      "integrity": "sha512-kHmoybcPV8Sqy59DwNDY3Jefr64lK/by/da0ViFcuA4DH0vQg5Q6Ze5VimxkfQNSC+Mls/Kx53s7TjP1RhFEDQ=="
    },
    "underscore": {
      "version": "1.13.2",
      "resolved": "https://registry.npmjs.org/underscore/-/underscore-1.13.2.tgz",
      "integrity": "sha512-ekY1NhRzq0B08g4bGuX4wd2jZx5GnKz6mKSqFL4nqBlfyMGiG10gDFhDTMEfYmDL6Jy0FUIZp7wiRB+0BP7J2g=="
    }
  }
}
